
Microsoft Visual Studio Solution File, Format Version 12.00
# Visual Studio 2013
VisualStudioVersion = 12.0.21005.1
MinimumVisualStudioVersion = 10.0.40219.1
Project("{F184B08F-C81C-45F6-A57F-5ABD9991F28F}") = "ConsoleMediaCoderSolver", "ConsoleMediaCoderSolver\ConsoleMediaCoderSolver.vbproj", "{9B413BE0-F098-4F37-B0FA-02E8708B7E52}"
EndProject
Project("{F184B08F-C81C-45F6-A57F-5ABD9991F28F}") = "FrontEndMediaCoderSolver", "FrontEndMediaCoderSolver\FrontEndMediaCoderSolver.vbproj", "{EE88777F-38BC-4AC3-9D44-641B2DBCDF2E}"
EndProject
Global
	GlobalSection(SolutionConfigurationPlatforms) = preSolution
		Debug|Any CPU = Debug|Any CPU
		Release|Any CPU = Release|Any CPU
	EndGlobalSection
	GlobalSection(ProjectConfigurationPlatforms) = postSolution
		{9B413BE0-F098-4F37-B0FA-02E8708B7E52}.Debug|Any CPU.ActiveCfg = Debug|Any CPU
		{9B413BE0-F098-4F37-B0FA-02E8708B7E52}.Debug|Any CPU.Build.0 = Debug|Any CPU
		{9B413BE0-F098-4F37-B0FA-02E8708B7E52}.Release|Any CPU.ActiveCfg = Release|Any CPU
		{9B413BE0-F098-4F37-B0FA-02E8708B7E52}.Release|Any CPU.Build.0 = Release|Any CPU
		{EE88777F-38BC-4AC3-9D44-641B2DBCDF2E}.Debug|Any CPU.ActiveCfg = Debug|Any CPU
		{EE88777F-38BC-4AC3-9D44-641B2DBCDF2E}.Debug|Any CPU.Build.0 = Debug|Any CPU
		{EE88777F-38BC-4AC3-9D44-641B2DBCDF2E}.Release|Any CPU.ActiveCfg = Release|Any CPU
		{EE88777F-38BC-4AC3-9D44-641B2DBCDF2E}.Release|Any CPU.Build.0 = Release|Any CPU
	EndGlobalSection
	GlobalSection(SolutionProperties) = preSolution
		HideSolutionNode = FALSE
	EndGlobalSection
EndGlobal
